
Microsoft Visual Studio Solution File, Format Version 12.00
Project("{FAE04EC0-301F-11D3-BF4B-00C04F79EFBC}") = "SOS100GroupProjectMVC", "SOS100GroupProjectMVC\SOS100GroupProjectMVC.csproj", "{72FC640D-5C73-414D-B7B1-967FE8692E7C}"
EndProject
Project("{FAE04EC0-301F-11D3-BF4B-00C04F79EFBC}") = "CourseCatalogAPI", "CourseCatalogAPI\CourseCatalogAPI.csproj", "{7F24200C-C999-4A57-B839-57A92E9FAA85}"
EndProject
Project("{FAE04EC0-301F-11D3-BF4B-00C04F79EFBC}") = "Registreringstjansten", "Registreringstjansten\Registreringstjansten.csproj", "{30945E4C-B8D4-46EA-AB36-9E209E3FCBBE}"
EndProject
Project("{FAE04EC0-301F-11D3-BF4B-00C04F79EFBC}") = "BookingAPI", "..\..\SOS100GroupProject-rumsbokning-api\SOS100GroupProject-rumsbokning-api\BookingAPI\BookingAPI.csproj", "{CA33B40E-7ABC-4847-81AA-1212C1746D06}"
EndProject
Project("{FAE04EC0-301F-11D3-BF4B-00C04F79EFBC}") = "ScheduleService", "..\..\SOS100GroupProject-schema\SOS100GroupProject-schema\ScheduleService\ScheduleService.csproj", "{BEF3B982-CCF2-445D-ABC5-C0DC3A4F9DBC}"
EndProject
Global
	GlobalSection(SolutionConfigurationPlatforms) = preSolution
		Debug|Any CPU = Debug|Any CPU
		Release|Any CPU = Release|Any CPU
	EndGlobalSection
	GlobalSection(ProjectConfigurationPlatforms) = postSolution
		{72FC640D-5C73-414D-B7B1-967FE8692E7C}.Debug|Any CPU.ActiveCfg = Debug|Any CPU
		{72FC640D-5C73-414D-B7B1-967FE8692E7C}.Debug|Any CPU.Build.0 = Debug|Any CPU
		{72FC640D-5C73-414D-B7B1-967FE8692E7C}.Release|Any CPU.ActiveCfg = Release|Any CPU
		{72FC640D-5C73-414D-B7B1-967FE8692E7C}.Release|Any CPU.Build.0 = Release|Any CPU
		{7F24200C-C999-4A57-B839-57A92E9FAA85}.Debug|Any CPU.ActiveCfg = Debug|Any CPU
		{7F24200C-C999-4A57-B839-57A92E9FAA85}.Debug|Any CPU.Build.0 = Debug|Any CPU
		{7F24200C-C999-4A57-B839-57A92E9FAA85}.Release|Any CPU.ActiveCfg = Release|Any CPU
		{7F24200C-C999-4A57-B839-57A92E9FAA85}.Release|Any CPU.Build.0 = Release|Any CPU
		{30945E4C-B8D4-46EA-AB36-9E209E3FCBBE}.Debug|Any CPU.ActiveCfg = Debug|Any CPU
		{30945E4C-B8D4-46EA-AB36-9E209E3FCBBE}.Debug|Any CPU.Build.0 = Debug|Any CPU
		{30945E4C-B8D4-46EA-AB36-9E209E3FCBBE}.Release|Any CPU.ActiveCfg = Release|Any CPU
		{30945E4C-B8D4-46EA-AB36-9E209E3FCBBE}.Release|Any CPU.Build.0 = Release|Any CPU
		{CA33B40E-7ABC-4847-81AA-1212C1746D06}.Debug|Any CPU.ActiveCfg = Debug|Any CPU
		{CA33B40E-7ABC-4847-81AA-1212C1746D06}.Debug|Any CPU.Build.0 = Debug|Any CPU
		{CA33B40E-7ABC-4847-81AA-1212C1746D06}.Release|Any CPU.ActiveCfg = Release|Any CPU
		{CA33B40E-7ABC-4847-81AA-1212C1746D06}.Release|Any CPU.Build.0 = Release|Any CPU
		{BEF3B982-CCF2-445D-ABC5-C0DC3A4F9DBC}.Debug|Any CPU.ActiveCfg = Debug|Any CPU
		{BEF3B982-CCF2-445D-ABC5-C0DC3A4F9DBC}.Debug|Any CPU.Build.0 = Debug|Any CPU
		{BEF3B982-CCF2-445D-ABC5-C0DC3A4F9DBC}.Release|Any CPU.ActiveCfg = Release|Any CPU
		{BEF3B982-CCF2-445D-ABC5-C0DC3A4F9DBC}.Release|Any CPU.Build.0 = Release|Any CPU
	EndGlobalSection
EndGlobal
